// !$*UTF8*$!
{
	archiveVersion = 1;
	classes = {
	};
	objectVersion = 56;
	objects = {

/* Begin PBXBuildFile section */
		3AF1DCF1290D07B700753F47 /* ToDoAppApp.swift in Sources */ = {isa = PBXBuildFile; fileRef = 3AF1DCF0290D07B700753F47 /* ToDoAppApp.swift */; };
		3AF1DCF3290D07B700753F47 /* ContentView.swift in Sources */ = {isa = PBXBuildFile; fileRef = 3AF1DCF2290D07B700753F47 /* ContentView.swift */; };
		3AF1DCF5290D07B800753F47 /* Assets.xcassets in Resources */ = {isa = PBXBuildFile; fileRef = 3AF1DCF4290D07B800753F47 /* Assets.xcassets */; };
		3AF1DCF8290D07B800753F47 /* Preview Assets.xcassets in Resources */ = {isa = PBXBuildFile; fileRef = 3AF1DCF7290D07B800753F47 /* Preview Assets.xcassets */; };
		3AF1DCFF290D0A1E00753F47 /* TasksView.swift in Sources */ = {isa = PBXBuildFile; fileRef = 3AF1DCFE290D0A1E00753F47 /* TasksView.swift */; };
		3AF1DD03290D0EC900753F47 /* TaskRow.swift in Sources */ = {isa = PBXBuildFile; fileRef = 3AF1DD02290D0EC900753F47 /* TaskRow.swift */; };
		3AF1DD05290D104300753F47 /* AddTaskView.swift in Sources */ = {isa = PBXBuildFile; fileRef = 3AF1DD04290D104300753F47 /* AddTaskView.swift */; };
		3AF1DD07290D120400753F47 /* SmallAddButton.swift in Sources */ = {isa = PBXBuildFile; fileRef = 3AF1DD06290D120400753F47 /* SmallAddButton.swift */; };
		3AF1DD0A290D173100753F47 /* Realm in Frameworks */ = {isa = PBXBuildFile; productRef = 3AF1DD09290D173100753F47 /* Realm */; };
		3AF1DD0C290D173100753F47 /* RealmSwift in Frameworks */ = {isa = PBXBuildFile; productRef = 3AF1DD0B290D173100753F47 /* RealmSwift */; };
		3AF1DD0E290D175000753F47 /* RealmManager.swift in Sources */ = {isa = PBXBuildFile; fileRef = 3AF1DD0D290D175000753F47 /* RealmManager.swift */; };
		3AF1DD10290D186200753F47 /* Task.swift in Sources */ = {isa = PBXBuildFile; fileRef = 3AF1DD0F290D186200753F47 /* Task.swift */; };
/* End PBXBuildFile section */

/* Begin PBXFileReference section */
		3AF1DCED290D07B700753F47 /* ToDoApp.app */ = {isa = PBXFileReference; explicitFileType = wrapper.application; includeInIndex = 0; path = ToDoApp.app; sourceTree = BUILT_PRODUCTS_DIR; };
		3AF1DCF0290D07B700753F47 /* ToDoAppApp.swift */ = {isa = PBXFileReference; lastKnownFileType = sourcecode.swift; path = ToDoAppApp.swift; sourceTree = "<group>"; };
		3AF1DCF2290D07B700753F47 /* ContentView.swift */ = {isa = PBXFileReference; lastKnownFileType = sourcecode.swift; path = ContentView.swift; sourceTree = "<group>"; };
		3AF1DCF4290D07B800753F47 /* Assets.xcassets */ = {isa = PBXFileReference; lastKnownFileType = folder.assetcatalog; path = Assets.xcassets; sourceTree = "<group>"; };
		3AF1DCF7290D07B800753F47 /* Preview Assets.xcassets */ = {isa = PBXFileReference; lastKnownFileType = folder.assetcatalog; path = "Preview Assets.xcassets"; sourceTree = "<group>"; };
		3AF1DCFE290D0A1E00753F47 /* TasksView.swift */ = {isa = PBXFileReference; lastKnownFileType = sourcecode.swift; path = TasksView.swift; sourceTree = "<group>"; };
		3AF1DD02290D0EC900753F47 /* TaskRow.swift */ = {isa = PBXFileReference; lastKnownFileType = sourcecode.swift; path = TaskRow.swift; sourceTree = "<group>"; };
		3AF1DD04290D104300753F47 /* AddTaskView.swift */ = {isa = PBXFileReference; lastKnownFileType = sourcecode.swift; path = AddTaskView.swift; sourceTree = "<group>"; };
		3AF1DD06290D120400753F47 /* SmallAddButton.swift */ = {isa = PBXFileReference; lastKnownFileType = sourcecode.swift; path = SmallAddButton.swift; sourceTree = "<group>"; };
		3AF1DD0D290D175000753F47 /* RealmManager.swift */ = {isa = PBXFileReference; lastKnownFileType = sourcecode.swift; path = RealmManager.swift; sourceTree = "<group>"; };
		3AF1DD0F290D186200753F47 /* Task.swift */ = {isa = PBXFileReference; lastKnownFileType = sourcecode.swift; path = Task.swift; sourceTree = "<group>"; };
/* End PBXFileReference section */

/* Begin PBXFrameworksBuildPhase section */
		3AF1DCEA290D07B700753F47 /* Frameworks */ = {
			isa = PBXFrameworksBuildPhase;
			buildActionMask = 2147483647;
			files = (
				3AF1DD0C290D173100753F47 /* RealmSwift in Frameworks */,
				3AF1DD0A290D173100753F47 /* Realm in Frameworks */,
			);
			runOnlyForDeploymentPostprocessing = 0;
		};
/* End PBXFrameworksBuildPhase section */

/* Begin PBXGroup section */
		3AF1DCE4290D07B700753F47 = {
			isa = PBXGroup;
			children = (
				3AF1DCEF290D07B700753F47 /* ToDoApp */,
				3AF1DCEE290D07B700753F47 /* Products */,
			);
			sourceTree = "<group>";
		};
		3AF1DCEE290D07B700753F47 /* Products */ = {
			isa = PBXGroup;
			children = (
				3AF1DCED290D07B700753F47 /* ToDoApp.app */,
			);
			name = Products;
			sourceTree = "<group>";
		};
		3AF1DCEF290D07B700753F47 /* ToDoApp */ = {
			isa = PBXGroup;
			children = (
				3AF1DD01290D0EA600753F47 /* components */,
				3AF1DD00290D0A3E00753F47 /* Views */,
				3AF1DCF0290D07B700753F47 /* ToDoAppApp.swift */,
				3AF1DCF4290D07B800753F47 /* Assets.xcassets */,
				3AF1DCF6290D07B800753F47 /* Preview Content */,
				3AF1DD0D290D175000753F47 /* RealmManager.swift */,
				3AF1DD0F290D186200753F47 /* Task.swift */,
			);
			path = ToDoApp;
			sourceTree = "<group>";
		};
		3AF1DCF6290D07B800753F47 /* Preview Content */ = {
			isa = PBXGroup;
			children = (
				3AF1DCF7290D07B800753F47 /* Preview Assets.xcassets */,
			);
			path = "Preview Content";
			sourceTree = "<group>";
		};
		3AF1DD00290D0A3E00753F47 /* Views */ = {
			isa = PBXGroup;
			children = (
				3AF1DCF2290D07B700753F47 /* ContentView.swift */,
				3AF1DCFE290D0A1E00753F47 /* TasksView.swift */,
				3AF1DD04290D104300753F47 /* AddTaskView.swift */,
			);
			path = Views;
			sourceTree = "<group>";
		};
		3AF1DD01290D0EA600753F47 /* components */ = {
			isa = PBXGroup;
			children = (
				3AF1DD02290D0EC900753F47 /* TaskRow.swift */,
				3AF1DD06290D120400753F47 /* SmallAddButton.swift */,
			);
			path = components;
			sourceTree = "<group>";
		};
/* End PBXGroup section */

/* Begin PBXNativeTarget section */
		3AF1DCEC290D07B700753F47 /* ToDoApp */ = {
			isa = PBXNativeTarget;
			buildConfigurationList = 3AF1DCFB290D07B800753F47 /* Build configuration list for PBXNativeTarget "ToDoApp" */;
			buildPhases = (
				3AF1DCE9290D07B700753F47 /* Sources */,
				3AF1DCEA290D07B700753F47 /* Frameworks */,
				3AF1DCEB290D07B700753F47 /* Resources */,
			);
			buildRules = (
			);
			dependencies = (
			);
			name = ToDoApp;
			packageProductDependencies = (
				3AF1DD09290D173100753F47 /* Realm */,
				3AF1DD0B290D173100753F47 /* RealmSwift */,
			);
			productName = ToDoApp;
			productReference = 3AF1DCED290D07B700753F47 /* ToDoApp.app */;
			productType = "com.apple.product-type.application";
		};
/* End PBXNativeTarget section */

/* Begin PBXProject section */
		3AF1DCE5290D07B700753F47 /* Project object */ = {
			isa = PBXProject;
			attributes = {
				BuildIndependentTargetsInParallel = 1;
				LastSwiftUpdateCheck = 1400;
				LastUpgradeCheck = 1400;
				TargetAttributes = {
					3AF1DCEC290D07B700753F47 = {
						CreatedOnToolsVersion = 14.0.1;
					};
				};
			};
			buildConfigurationList = 3AF1DCE8290D07B700753F47 /* Build configuration list for PBXProject "ToDoApp" */;
			compatibilityVersion = "Xcode 14.0";
			developmentRegion = en;
			hasScannedForEncodings = 0;
			knownRegions = (
				en,
				Base,
			);
			mainGroup = 3AF1DCE4290D07B700753F47;
			packageReferences = (
				3AF1DD08290D173100753F47 /* XCRemoteSwiftPackageReference "realm-swift" */,
			);
			productRefGroup = 3AF1DCEE290D07B700753F47 /* Products */;
			projectDirPath = "";
			projectRoot = "";
			targets = (
				3AF1DCEC290D07B700753F47 /* ToDoApp */,
			);
		};
/* End PBXProject section */

/* Begin PBXResourcesBuildPhase section */
		3AF1DCEB290D07B700753F47 /* Resources */ = {
			isa = PBXResourcesBuildPhase;
			buildActionMask = 2147483647;
			files = (
				3AF1DCF8290D07B800753F47 /* Preview Assets.xcassets in Resources */,
				3AF1DCF5290D07B800753F47 /* Assets.xcassets in Resources */,
			);
			runOnlyForDeploymentPostprocessing = 0;
		};
/* End PBXResourcesBuildPhase section */

/* Begin PBXSourcesBuildPhase section */
		3AF1DCE9290D07B700753F47 /* Sources */ = {
			isa = PBXSourcesBuildPhase;
			buildActionMask = 2147483647;
			files = (
				3AF1DD10290D186200753F47 /* Task.swift in Sources */,
				3AF1DCF3290D07B700753F47 /* ContentView.swift in Sources */,
				3AF1DD05290D104300753F47 /* AddTaskView.swift in Sources */,
				3AF1DCFF290D0A1E00753F47 /* TasksView.swift in Sources */,
				3AF1DD07290D120400753F47 /* SmallAddButton.swift in Sources */,
				3AF1DCF1290D07B700753F47 /* ToDoAppApp.swift in Sources */,
				3AF1DD0E290D175000753F47 /* RealmManager.swift in Sources */,
				3AF1DD03290D0EC900753F47 /* TaskRow.swift in Sources */,
			);
			runOnlyForDeploymentPostprocessing = 0;
		};
/* End PBXSourcesBuildPhase section */

/* Begin XCBuildConfiguration section */
		3AF1DCF9290D07B800753F47 /* Debug */ = {
			isa = XCBuildConfiguration;
			buildSettings = {
				ALWAYS_SEARCH_USER_PATHS = NO;
				CLANG_ANALYZER_NONNULL = YES;
				CLANG_ANALYZER_NUMBER_OBJECT_CONVERSION = YES_AGGRESSIVE;
				CLANG_CXX_LANGUAGE_STANDARD = "gnu++20";
				CLANG_ENABLE_MODULES = YES;
				CLANG_ENABLE_OBJC_ARC = YES;
				CLANG_ENABLE_OBJC_WEAK = YES;
				CLANG_WARN_BLOCK_CAPTURE_AUTORELEASING = YES;
				CLANG_WARN_BOOL_CONVERSION = YES;
				CLANG_WARN_COMMA = YES;
				CLANG_WARN_CONSTANT_CONVERSION = YES;
				CLANG_WARN_DEPRECATED_OBJC_IMPLEMENTATIONS = YES;
				CLANG_WARN_DIRECT_OBJC_ISA_USAGE = YES_ERROR;
				CLANG_WARN_DOCUMENTATION_COMMENTS = YES;
				CLANG_WARN_EMPTY_BODY = YES;
				CLANG_WARN_ENUM_CONVERSION = YES;
				CLANG_WARN_INFINITE_RECURSION = YES;
				CLANG_WARN_INT_CONVERSION = YES;
				CLANG_WARN_NON_LITERAL_NULL_CONVERSION = YES;
				CLANG_WARN_OBJC_IMPLICIT_RETAIN_SELF = YES;
				CLANG_WARN_OBJC_LITERAL_CONVERSION = YES;
				CLANG_WARN_OBJC_ROOT_CLASS = YES_ERROR;
				CLANG_WARN_QUOTED_INCLUDE_IN_FRAMEWORK_HEADER = YES;
				CLANG_WARN_RANGE_LOOP_ANALYSIS = YES;
				CLANG_WARN_STRICT_PROTOTYPES = YES;
				CLANG_WARN_SUSPICIOUS_MOVE = YES;
				CLANG_WARN_UNGUARDED_AVAILABILITY = YES_AGGRESSIVE;
				CLANG_WARN_UNREACHABLE_CODE = YES;
				CLANG_WARN__DUPLICATE_METHOD_MATCH = YES;
				COPY_PHASE_STRIP = NO;
				DEBUG_INFORMATION_FORMAT = dwarf;
				ENABLE_STRICT_OBJC_MSGSEND = YES;
				ENABLE_TESTABILITY = YES;
				GCC_C_LANGUAGE_STANDARD = gnu11;
				GCC_DYNAMIC_NO_PIC = NO;
				GCC_NO_COMMON_BLOCKS = YES;
				GCC_OPTIMIZATION_LEVEL = 0;
				GCC_PREPROCESSOR_DEFINITIONS = (
					"DEBUG=1",
					"$(inherited)",
				);
				GCC_WARN_64_TO_32_BIT_CONVERSION = YES;
				GCC_WARN_ABOUT_RETURN_TYPE = YES_ERROR;
				GCC_WARN_UNDECLARED_SELECTOR = YES;
				GCC_WARN_UNINITIALIZED_AUTOS = YES_AGGRESSIVE;
				GCC_WARN_UNUSED_FUNCTION = YES;
				GCC_WARN_UNUSED_VARIABLE = YES;
				IPHONEOS_DEPLOYMENT_TARGET = 16.0;
				MTL_ENABLE_DEBUG_INFO = INCLUDE_SOURCE;
				MTL_FAST_MATH = YES;
				ONLY_ACTIVE_ARCH = YES;
				SDKROOT = iphoneos;
				SWIFT_ACTIVE_COMPILATION_CONDITIONS = DEBUG;
				SWIFT_OPTIMIZATION_LEVEL = "-Onone";
			};
			name = Debug;
		};
		3AF1DCFA290D07B800753F47 /* Release */ = {
			isa = XCBuildConfiguration;
			buildSettings = {
				ALWAYS_SEARCH_USER_PATHS = NO;
				CLANG_ANALYZER_NONNULL = YES;
				CLANG_ANALYZER_NUMBER_OBJECT_CONVERSION = YES_AGGRESSIVE;
				CLANG_CXX_LANGUAGE_STANDARD = "gnu++20";
				CLANG_ENABLE_MODULES = YES;
				CLANG_ENABLE_OBJC_ARC = YES;
				CLANG_ENABLE_OBJC_WEAK = YES;
				CLANG_WARN_BLOCK_CAPTURE_AUTORELEASING = YES;
				CLANG_WARN_BOOL_CONVERSION = YES;
				CLANG_WARN_COMMA = YES;
				CLANG_WARN_CONSTANT_CONVERSION = YES;
				CLANG_WARN_DEPRECATED_OBJC_IMPLEMENTATIONS = YES;
				CLANG_WARN_DIRECT_OBJC_ISA_USAGE = YES_ERROR;
				CLANG_WARN_DOCUMENTATION_COMMENTS = YES;
				CLANG_WARN_EMPTY_BODY = YES;
				CLANG_WARN_ENUM_CONVERSION = YES;
				CLANG_WARN_INFINITE_RECURSION = YES;
				CLANG_WARN_INT_CONVERSION = YES;
				CLANG_WARN_NON_LITERAL_NULL_CONVERSION = YES;
				CLANG_WARN_OBJC_IMPLICIT_RETAIN_SELF = YES;
				CLANG_WARN_OBJC_LITERAL_CONVERSION = YES;
				CLANG_WARN_OBJC_ROOT_CLASS = YES_ERROR;
				CLANG_WARN_QUOTED_INCLUDE_IN_FRAMEWORK_HEADER = YES;
				CLANG_WARN_RANGE_LOOP_ANALYSIS = YES;
				CLANG_WARN_STRICT_PROTOTYPES = YES;
				CLANG_WARN_SUSPICIOUS_MOVE = YES;
				CLANG_WARN_UNGUARDED_AVAILABILITY = YES_AGGRESSIVE;
				CLANG_WARN_UNREACHABLE_CODE = YES;
				CLANG_WARN__DUPLICATE_METHOD_MATCH = YES;
				COPY_PHASE_STRIP = NO;
				DEBUG_INFORMATION_FORMAT = "dwarf-with-dsym";
				ENABLE_NS_ASSERTIONS = NO;
				ENABLE_STRICT_OBJC_MSGSEND = YES;
				GCC_C_LANGUAGE_STANDARD = gnu11;
				GCC_NO_COMMON_BLOCKS = YES;
				GCC_WARN_64_TO_32_BIT_CONVERSION = YES;
				GCC_WARN_ABOUT_RETURN_TYPE = YES_ERROR;
				GCC_WARN_UNDECLARED_SELECTOR = YES;
				GCC_WARN_UNINITIALIZED_AUTOS = YES_AGGRESSIVE;
				GCC_WARN_UNUSED_FUNCTION = YES;
				GCC_WARN_UNUSED_VARIABLE = YES;
				IPHONEOS_DEPLOYMENT_TARGET = 16.0;
				MTL_ENABLE_DEBUG_INFO = NO;
				MTL_FAST_MATH = YES;
				SDKROOT = iphoneos;
				SWIFT_COMPILATION_MODE = wholemodule;
				SWIFT_OPTIMIZATION_LEVEL = "-O";
				VALIDATE_PRODUCT = YES;
			};
			name = Release;
		};
		3AF1DCFC290D07B800753F47 /* Debug */ = {
			isa = XCBuildConfiguration;
			buildSettings = {
				ASSETCATALOG_COMPILER_APPICON_NAME = AppIcon;
				ASSETCATALOG_COMPILER_GLOBAL_ACCENT_COLOR_NAME = AccentColor;
				CODE_SIGN_STYLE = Automatic;
				CURRENT_PROJECT_VERSION = 1;
				DEVELOPMENT_ASSET_PATHS = "\"ToDoApp/Preview Content\"";
				DEVELOPMENT_TEAM = AQXCYB3JSC;
				ENABLE_PREVIEWS = YES;
				GENERATE_INFOPLIST_FILE = YES;
				INFOPLIST_KEY_UIApplicationSceneManifest_Generation = YES;
				INFOPLIST_KEY_UIApplicationSupportsIndirectInputEvents = YES;
				INFOPLIST_KEY_UILaunchScreen_Generation = YES;
				INFOPLIST_KEY_UISupportedInterfaceOrientations_iPad = "UIInterfaceOrientationPortrait UIInterfaceOrientationPortraitUpsideDown UIInterfaceOrientationLandscapeLeft UIInterfaceOrientationLandscapeRight";
				INFOPLIST_KEY_UISupportedInterfaceOrientations_iPhone = "UIInterfaceOrientationPortrait UIInterfaceOrientationLandscapeLeft UIInterfaceOrientationLandscapeRight";
				LD_RUNPATH_SEARCH_PATHS = (
					"$(inherited)",
					"@executable_path/Frameworks",
				);
				MARKETING_VERSION = 1.0;
				PRODUCT_BUNDLE_IDENTIFIER = com.umurislamoglu.ToDoApp;
				PRODUCT_NAME = "$(TARGET_NAME)";
				SWIFT_EMIT_LOC_STRINGS = YES;
				SWIFT_VERSION = 5.0;
				TARGETED_DEVICE_FAMILY = "1,2";
			};
			name = Debug;
		};
		3AF1DCFD290D07B800753F47 /* Release */ = {
			isa = XCBuildConfiguration;
			buildSettings = {
				ASSETCATALOG_COMPILER_APPICON_NAME = AppIcon;
				ASSETCATALOG_COMPILER_GLOBAL_ACCENT_COLOR_NAME = AccentColor;
				CODE_SIGN_STYLE = Automatic;
				CURRENT_PROJECT_VERSION = 1;
				DEVELOPMENT_ASSET_PATHS = "\"ToDoApp/Preview Content\"";
				DEVELOPMENT_TEAM = AQXCYB3JSC;
				ENABLE_PREVIEWS = YES;
				GENERATE_INFOPLIST_FILE = YES;
				INFOPLIST_KEY_UIApplicationSceneManifest_Generation = YES;
				INFOPLIST_KEY_UIApplicationSupportsIndirectInputEvents = YES;
				INFOPLIST_KEY_UILaunchScreen_Generation = YES;
				INFOPLIST_KEY_UISupportedInterfaceOrientations_iPad = "UIInterfaceOrientationPortrait UIInterfaceOrientationPortraitUpsideDown UIInterfaceOrientationLandscapeLeft UIInterfaceOrientationLandscapeRight";
				INFOPLIST_KEY_UISupportedInterfaceOrientations_iPhone = "UIInterfaceOrientationPortrait UIInterfaceOrientationLandscapeLeft UIInterfaceOrientationLandscapeRight";
				LD_RUNPATH_SEARCH_PATHS = (
					"$(inherited)",
					"@executable_path/Frameworks",
				);
				MARKETING_VERSION = 1.0;
				PRODUCT_BUNDLE_IDENTIFIER = com.umurislamoglu.ToDoApp;
				PRODUCT_NAME = "$(TARGET_NAME)";
				SWIFT_EMIT_LOC_STRINGS = YES;
				SWIFT_VERSION = 5.0;
				TARGETED_DEVICE_FAMILY = "1,2";
			};
			name = Release;
		};
/* End XCBuildConfiguration section */

/* Begin XCConfigurationList section */
		3AF1DCE8290D07B700753F47 /* Build configuration list for PBXProject "ToDoApp" */ = {
			isa = XCConfigurationList;
			buildConfigurations = (
				3AF1DCF9290D07B800753F47 /* Debug */,
				3AF1DCFA290D07B800753F47 /* Release */,
			);
			defaultConfigurationIsVisible = 0;
			defaultConfigurationName = Release;
		};
		3AF1DCFB290D07B800753F47 /* Build configuration list for PBXNativeTarget "ToDoApp" */ = {
			isa = XCConfigurationList;
			buildConfigurations = (
				3AF1DCFC290D07B800753F47 /* Debug */,
				3AF1DCFD290D07B800753F47 /* Release */,
			);
			defaultConfigurationIsVisible = 0;
			defaultConfigurationName = Release;
		};
/* End XCConfigurationList section */

/* Begin XCRemoteSwiftPackageReference section */
		3AF1DD08290D173100753F47 /* XCRemoteSwiftPackageReference "realm-swift" */ = {
			isa = XCRemoteSwiftPackageReference;
			repositoryURL = "https://github.com/realm/realm-swift";
			requirement = {
				kind = upToNextMajorVersion;
				minimumVersion = 10.10.0;
			};
		};
/* End XCRemoteSwiftPackageReference section */

/* Begin XCSwiftPackageProductDependency section */
		3AF1DD09290D173100753F47 /* Realm */ = {
			isa = XCSwiftPackageProductDependency;
			package = 3AF1DD08290D173100753F47 /* XCRemoteSwiftPackageReference "realm-swift" */;
			productName = Realm;
		};
		3AF1DD0B290D173100753F47 /* RealmSwift */ = {
			isa = XCSwiftPackageProductDependency;
			package = 3AF1DD08290D173100753F47 /* XCRemoteSwiftPackageReference "realm-swift" */;
			productName = RealmSwift;
		};
/* End XCSwiftPackageProductDependency section */
	};
	rootObject = 3AF1DCE5290D07B700753F47 /* Project object */;
}
